<?xml version="1.0" encoding="utf-8"?>
<Project ToolsVersion="4.0" xmlns="http://schemas.microsoft.com/developer/msbuild/2003">
  <ItemGroup>
    <Filter Include="Исходные файлы">
      <UniqueIdentifier>{4FC737F1-C7A5-4376-A066-2A32D752A2FF}</UniqueIdentifier>
      <Extensions>cpp;c;cc;cxx;c++;cppm;ixx;def;odl;idl;hpj;bat;asm;asmx</Extensions>
    </Filter>
    <Filter Include="Файлы заголовков">
      <UniqueIdentifier>{93995380-89BD-4b04-88EB-625FBE52EBFB}</UniqueIdentifier>
      <Extensions>h;hh;hpp;hxx;h++;hm;inl;inc;ipp;xsd</Extensions>
    </Filter>
    <Filter Include="Файлы ресурсов">
      <UniqueIdentifier>{67DA6AB6-F800-4c08-8B7A-83BB121AAD01}</UniqueIdentifier>
      <Extensions>rc;ico;cur;bmp;dlg;rc2;rct;bin;rgs;gif;jpg;jpeg;jpe;resx;tiff;tif;png;wav;mfcribbon-ms</Extensions>
    </Filter>
  </ItemGroup>
  <ItemGroup>
    <ClCompile Include="MyForm.cpp">
      <Filter>Исходные файлы</Filter>
    </ClCompile>
    <ClCompile Include="FormTP17.cpp">
      <Filter>Исходные файлы</Filter>
    </ClCompile>
    <ClCompile Include="Applicationofrecorderdatamonitoring.cpp">
      <Filter>Исходные файлы</Filter>
    </ClCompile>
    <ClCompile Include="Device.cpp">
      <Filter>Исходные файлы</Filter>
    </ClCompile>
    <ClCompile Include="ModbusConnection.cpp">
      <Filter>Исходные файлы</Filter>
    </ClCompile>
    <ClCompile Include="CodeMsg.cpp">
      <Filter>Исходные файлы</Filter>
    </ClCompile>
    <ClCompile Include="FileManage.cpp">
      <Filter>Исходные файлы</Filter>
    </ClCompile>
    <ClCompile Include="FormActionSelection.cpp">
      <Filter>Исходные файлы</Filter>
    </ClCompile>
  </ItemGroup>
  <ItemGroup>
    <ClInclude Include="MyForm.h">
      <Filter>Файлы заголовков</Filter>
    </ClInclude>
    <ClInclude Include="FormTP17.h">
      <Filter>Файлы заголовков</Filter>
    </ClInclude>
    <ClInclude Include="ModbusConnection.h">
      <Filter>Файлы заголовков</Filter>
    </ClInclude>
    <ClInclude Include="Device.h">
      <Filter>Файлы заголовков</Filter>
    </ClInclude>
    <ClInclude Include="CodeMsg.h">
      <Filter>Файлы заголовков</Filter>
    </ClInclude>
    <ClInclude Include="FileManage.h">
      <Filter>Файлы заголовков</Filter>
    </ClInclude>
    <ClInclude Include="FormActionSelection.h">
      <Filter>Файлы заголовков</Filter>
    </ClInclude>
  </ItemGroup>
  <ItemGroup>
    <Image Include="..\..\..\контроль данных с самописца фигма\кнопка тп mouse on.png">
      <Filter>Файлы ресурсов</Filter>
    </Image>
    <Image Include="..\..\контроль данных с самописца фигма\btn_tp_mouse_on.png">
      <Filter>Файлы ресурсов</Filter>
    </Image>
    <Image Include="..\..\контроль данных с самописца фигма\палочка mouse on.png">
      <Filter>Файлы ресурсов</Filter>
    </Image>
    <Image Include="..\..\контроль данных с самописца фигма\кнопка тп нажатая.png">
      <Filter>Файлы ресурсов</Filter>
    </Image>
    <Image Include="..\..\контроль данных с самописца фигма\крестик светлый.png">
      <Filter>Файлы ресурсов</Filter>
    </Image>
    <Image Include="..\..\контроль данных с самописца фигма\кнопка тп.png">
      <Filter>Файлы ресурсов</Filter>
    </Image>
    <Image Include="..\..\контроль данных с самописца фигма\btn_collapse_on.png">
      <Filter>Файлы ресурсов</Filter>
    </Image>
    <Image Include="..\..\контроль данных с самописца фигма\btn_tp_click.png">
      <Filter>Файлы ресурсов</Filter>
    </Image>
    <Image Include="..\..\контроль данных с самописца фигма\btn_tp.png">
      <Filter>Файлы ресурсов</Filter>
    </Image>
    <Image Include="..\..\контроль данных с самописца фигма\btn_close_on.png">
      <Filter>Файлы ресурсов</Filter>
    </Image>
    <Image Include="..\..\контроль данных с самописца фигма\btn_VVV_click.png">
      <Filter>Файлы ресурсов</Filter>
    </Image>
    <Image Include="..\..\контроль данных с самописца фигма\btn_VVV_mouse on.png">
      <Filter>Файлы ресурсов</Filter>
    </Image>
    <Image Include="..\..\контроль данных с самописца фигма\btn_VVV_mouse_on.png">
      <Filter>Файлы ресурсов</Filter>
    </Image>
    <Image Include="..\..\контроль данных с самописца фигма\btn_3st_mouse_on.png">
      <Filter>Файлы ресурсов</Filter>
    </Image>
    <Image Include="..\..\контроль данных с самописца фигма\btn_3st.png">
      <Filter>Файлы ресурсов</Filter>
    </Image>
    <Image Include="..\..\контроль данных с самописца фигма\btn_3st_click.png">
      <Filter>Файлы ресурсов</Filter>
    </Image>
    <Image Include="..\..\контроль данных с самописца фигма\btn_2st_mouse_on.png">
      <Filter>Файлы ресурсов</Filter>
    </Image>
    <Image Include="..\..\контроль данных с самописца фигма\btn_2st.png">
      <Filter>Файлы ресурсов</Filter>
    </Image>
    <Image Include="..\..\контроль данных с самописца фигма\btn_2st_click.png">
      <Filter>Файлы ресурсов</Filter>
    </Image>
    <Image Include="btn_3st_click.png">
      <Filter>Файлы ресурсов</Filter>
    </Image>
    <Image Include="..\..\контроль данных с самописца фигма\btn_back_click.png">
      <Filter>Файлы ресурсов</Filter>
    </Image>
    <Image Include="..\..\контроль данных с самописца фигма\btn_all_data.png">
      <Filter>Файлы ресурсов</Filter>
    </Image>
    <Image Include="..\..\контроль данных с самописца фигма\btn_all_data_click.png">
      <Filter>Файлы ресурсов</Filter>
    </Image>
    <Image Include="..\..\контроль данных с самописца фигма\btn_all_data_mouse_on.png">
      <Filter>Файлы ресурсов</Filter>
    </Image>
    <Image Include="..\..\контроль данных с самописца фигма\btn_back.png">
      <Filter>Файлы ресурсов</Filter>
    </Image>
    <Image Include="..\..\контроль данных с самописца фигма\btn_back_mouse_on.png">
      <Filter>Файлы ресурсов</Filter>
    </Image>
  </ItemGroup>
</Project>